{
  "name": "roboto",
  "version": "1.5.1",
  "lockfileVersion": 2,
  "requires": true,
  "packages": {
    "": {
      "name": "roboto",
      "version": "1.5.1",
      "license": "Apache License version 2.0",
      "dependencies": {
        "roboto": "file:"
      }
    },
    "node_modules/roboto": {
      "resolved": "",
      "link": true
    }
  },
  "dependencies": {
    "roboto": {
      "version": "file:",
      "requires": {
        "roboto": "file:"
      }
    }
  }
}
